
Microsoft Visual Studio Solution File, Format Version 12.00
# Visual Studio 15
VisualStudioVersion = 15.0.27428.2005
MinimumVisualStudioVersion = 10.0.40219.1
Project("{8BC9CEB8-8B4A-11D0-8D11-00A0C91BC942}") = "ChatServer", "ChatServer\ChatServer.vcxproj", "{ABE68EE0-9C71-41BD-B8A7-D1476A79B69F}"
EndProject
Global
	GlobalSection(SolutionConfigurationPlatforms) = preSolution
		Debug|Win32 = Debug|Win32
		Debug|x64 = Debug|x64
		Release|Win32 = Release|Win32
		Release|x64 = Release|x64
	EndGlobalSection
	GlobalSection(ProjectConfigurationPlatforms) = postSolution
		{ABE68EE0-9C71-41BD-B8A7-D1476A79B69F}.Debug|Win32.ActiveCfg = Debug|Win32
		{ABE68EE0-9C71-41BD-B8A7-D1476A79B69F}.Debug|Win32.Build.0 = Debug|Win32
		{ABE68EE0-9C71-41BD-B8A7-D1476A79B69F}.Debug|x64.ActiveCfg = Debug|x64
		{ABE68EE0-9C71-41BD-B8A7-D1476A79B69F}.Debug|x64.Build.0 = Debug|x64
		{ABE68EE0-9C71-41BD-B8A7-D1476A79B69F}.Release|Win32.ActiveCfg = Release|Win32
		{ABE68EE0-9C71-41BD-B8A7-D1476A79B69F}.Release|Win32.Build.0 = Release|Win32
		{ABE68EE0-9C71-41BD-B8A7-D1476A79B69F}.Release|x64.ActiveCfg = Release|x64
		{ABE68EE0-9C71-41BD-B8A7-D1476A79B69F}.Release|x64.Build.0 = Release|x64
	EndGlobalSection
	GlobalSection(SolutionProperties) = preSolution
		HideSolutionNode = FALSE
	EndGlobalSection
	GlobalSection(ExtensibilityGlobals) = postSolution
		SolutionGuid = {8B5887CC-4655-43B9-8BE4-F083E9F00A0E}
	EndGlobalSection
EndGlobal
