<?xml version="1.0" encoding="utf-8"?>
<Project ToolsVersion="4.0" xmlns="http://schemas.microsoft.com/developer/msbuild/2003">
  <ItemGroup>
    <Filter Include="include">
      <UniqueIdentifier>{ac1d4d1a-4160-4886-bcda-d6594bee6c9a}</UniqueIdentifier>
    </Filter>
    <Filter Include="include\enet">
      <UniqueIdentifier>{b0291b7d-b682-47cc-a4f4-2da3e00ee78d}</UniqueIdentifier>
    </Filter>
  </ItemGroup>
  <ItemGroup>
    <ClInclude Include="include\enet\callbacks.h">
      <Filter>include\enet</Filter>
    </ClInclude>
    <ClInclude Include="include\enet\enet.h">
      <Filter>include\enet</Filter>
    </ClInclude>
    <ClInclude Include="include\enet\list.h">
      <Filter>include\enet</Filter>
    </ClInclude>
    <ClInclude Include="include\enet\protocol.h">
      <Filter>include\enet</Filter>
    </ClInclude>
    <ClInclude Include="include\enet\time.h">
      <Filter>include\enet</Filter>
    </ClInclude>
    <ClInclude Include="include\enet\types.h">
      <Filter>include\enet</Filter>
    </ClInclude>
    <ClInclude Include="include\enet\utility.h">
      <Filter>include\enet</Filter>
    </ClInclude>
    <ClInclude Include="include\enet\win32.h">
      <Filter>include\enet</Filter>
    </ClInclude>
  </ItemGroup>
  <ItemGroup>
    <ClCompile Include="callbacks.c" />
    <ClCompile Include="compress.c" />
    <ClCompile Include="host.c" />
    <ClCompile Include="list.c" />
    <ClCompile Include="packet.c" />
    <ClCompile Include="peer.c" />
    <ClCompile Include="protocol.c" />
    <ClCompile Include="win32.c" />
  </ItemGroup>
</Project>